<Solution>
  <Configurations>
    <Platform Name="Any CPU" />
    <Platform Name="x64" />
  </Configurations>
  <Project Path="../HJ_Inc_Backup.Core/HJ_Inc_Backup.Core.csproj" Id="1b47621e-e48e-48ce-9bc4-ecf6ecb3be55">
    <Platform Solution="*|x64" Project="x64" />
  </Project>
  <Project Path="../HJ_Inc_Backup.Service/HJ_Inc_Backup.Service.csproj" Id="badbd441-301e-4f08-afa7-8a21793641b2">
    <BuildDependency Project="HJ Inc Backup.csproj" />
    <Platform Solution="*|x64" Project="x64" />
  </Project>
  <Project Path="HJ Inc Backup.csproj">
    <BuildDependency Project="../HJ_Inc_Backup.Core/HJ_Inc_Backup.Core.csproj" />
    <Platform Solution="*|x64" Project="x64" />
  </Project>
</Solution>
